// !$*UTF8*$!
{
	archiveVersion = 1;
	classes = {
	};
	objectVersion = 56;
	objects = {

/* Begin PBXBuildFile section */
		0D1E9B6B2C37126D00141FC0 /* CalendarDetailsVCRepresentable.swift in Sources */ = {isa = PBXBuildFile; fileRef = 0D1E9B6A2C37126D00141FC0 /* CalendarDetailsVCRepresentable.swift */; };
		0D1E9B6D2C37136B00141FC0 /* CalendarDetailsViewController.swift in Sources */ = {isa = PBXBuildFile; fileRef = 0D1E9B6C2C37136B00141FC0 /* CalendarDetailsViewController.swift */; };
		0D1E9B6F2C3724C100141FC0 /* UIColorExtension.swift in Sources */ = {isa = PBXBuildFile; fileRef = 0D1E9B6E2C3724C100141FC0 /* UIColorExtension.swift */; };
		0D1E9B732C372D8E00141FC0 /* CalendarDetailsAssembly.swift in Sources */ = {isa = PBXBuildFile; fileRef = 0D1E9B722C372D8E00141FC0 /* CalendarDetailsAssembly.swift */; };
		0D1E9B752C37377C00141FC0 /* DateCollectionViewCell.swift in Sources */ = {isa = PBXBuildFile; fileRef = 0D1E9B742C37377C00141FC0 /* DateCollectionViewCell.swift */; };
		0D1E9B772C373B1200141FC0 /* NoDateViewCell.swift in Sources */ = {isa = PBXBuildFile; fileRef = 0D1E9B762C373B1200141FC0 /* NoDateViewCell.swift */; };
		0D1E9B7A2C3744E200141FC0 /* TodoItemTable.swift in Sources */ = {isa = PBXBuildFile; fileRef = 0D1E9B792C3744E200141FC0 /* TodoItemTable.swift */; };
		0D1E9B7C2C3745A300141FC0 /* RowData.swift in Sources */ = {isa = PBXBuildFile; fileRef = 0D1E9B7B2C3745A300141FC0 /* RowData.swift */; };
		0D1E9B7F2C37494000141FC0 /* DateCollection.swift in Sources */ = {isa = PBXBuildFile; fileRef = 0D1E9B7E2C37494000141FC0 /* DateCollection.swift */; };
		0D1E9B872C37759E00141FC0 /* TaskCell.swift in Sources */ = {isa = PBXBuildFile; fileRef = 0D1E9B862C37759E00141FC0 /* TaskCell.swift */; };
		0D1E9B8A2C37797000141FC0 /* CalendarDetailsViewModel.swift in Sources */ = {isa = PBXBuildFile; fileRef = 0D1E9B892C37797000141FC0 /* CalendarDetailsViewModel.swift */; };
		0D1E9B8C2C383DBF00141FC0 /* ModalState.swift in Sources */ = {isa = PBXBuildFile; fileRef = 0D1E9B8B2C383DBF00141FC0 /* ModalState.swift */; };
		0D1E9B912C3877E900141FC0 /* CategoryManager.swift in Sources */ = {isa = PBXBuildFile; fileRef = 0D1E9B902C3877E900141FC0 /* CategoryManager.swift */; };
		0D1E9B932C38782900141FC0 /* CategoryModel.swift in Sources */ = {isa = PBXBuildFile; fileRef = 0D1E9B922C38782900141FC0 /* CategoryModel.swift */; };
		0D1E9B952C3888C100141FC0 /* CategoryField.swift in Sources */ = {isa = PBXBuildFile; fileRef = 0D1E9B942C3888C100141FC0 /* CategoryField.swift */; };
		0D548FAE2C2C29A4000950D5 /* TodoItemData.swift in Sources */ = {isa = PBXBuildFile; fileRef = 0D548FAD2C2C29A4000950D5 /* TodoItemData.swift */; };
		0D548FB12C2C29CA000950D5 /* DateExtension.swift in Sources */ = {isa = PBXBuildFile; fileRef = 0D548FB02C2C29CA000950D5 /* DateExtension.swift */; };
		0D548FB42C2C29E5000950D5 /* TodoItemRow.swift in Sources */ = {isa = PBXBuildFile; fileRef = 0D548FB32C2C29E5000950D5 /* TodoItemRow.swift */; };
		0D87648B2C21C6B800C70F20 /* ToDoAppApp.swift in Sources */ = {isa = PBXBuildFile; fileRef = 0D87648A2C21C6B800C70F20 /* ToDoAppApp.swift */; };
		0D87648D2C21C6B800C70F20 /* TodoListDetails.swift in Sources */ = {isa = PBXBuildFile; fileRef = 0D87648C2C21C6B800C70F20 /* TodoListDetails.swift */; };
		0D87648F2C21C6B800C70F20 /* Assets.xcassets in Resources */ = {isa = PBXBuildFile; fileRef = 0D87648E2C21C6B800C70F20 /* Assets.xcassets */; };
		0D8764922C21C6B800C70F20 /* Preview Assets.xcassets in Resources */ = {isa = PBXBuildFile; fileRef = 0D8764912C21C6B800C70F20 /* Preview Assets.xcassets */; };
		0D87649C2C21C6B900C70F20 /* TodoItemTests.swift in Sources */ = {isa = PBXBuildFile; fileRef = 0D87649B2C21C6B900C70F20 /* TodoItemTests.swift */; };
		0D8764A62C21C6B900C70F20 /* ToDoAppUITests.swift in Sources */ = {isa = PBXBuildFile; fileRef = 0D8764A52C21C6B900C70F20 /* ToDoAppUITests.swift */; };
		0D8764A82C21C6B900C70F20 /* ToDoAppUITestsLaunchTests.swift in Sources */ = {isa = PBXBuildFile; fileRef = 0D8764A72C21C6B900C70F20 /* ToDoAppUITestsLaunchTests.swift */; };
		0DBEAF442C2C8909006E6336 /* TodoListDetailsViewModel.swift in Sources */ = {isa = PBXBuildFile; fileRef = 0DBEAF432C2C8909006E6336 /* TodoListDetailsViewModel.swift */; };
		0DBEAF482C2C9699006E6336 /* ColorExtension.swift in Sources */ = {isa = PBXBuildFile; fileRef = 0DBEAF472C2C9699006E6336 /* ColorExtension.swift */; };
		0DBEAF502C2D9440006E6336 /* TodoItemService.swift in Sources */ = {isa = PBXBuildFile; fileRef = 0DBEAF4F2C2D9440006E6336 /* TodoItemService.swift */; };
		0DBEAF552C2DA989006E6336 /* TodoItemModel.swift in Sources */ = {isa = PBXBuildFile; fileRef = 0DBEAF542C2DA989006E6336 /* TodoItemModel.swift */; };
		0DBEAF5C2C2DECC2006E6336 /* TodoListDetailsAssembly.swift in Sources */ = {isa = PBXBuildFile; fileRef = 0DBEAF5B2C2DECC2006E6336 /* TodoListDetailsAssembly.swift */; };
		0DBEAF622C2DFD2A006E6336 /* TodoItemDetails.swift in Sources */ = {isa = PBXBuildFile; fileRef = 0DBEAF612C2DFD2A006E6336 /* TodoItemDetails.swift */; };
		0DBEAF692C2EFB4A006E6336 /* TodoItemFormData.swift in Sources */ = {isa = PBXBuildFile; fileRef = 0DBEAF682C2EFB4A006E6336 /* TodoItemFormData.swift */; };
		0DBEAF6C2C2F1070006E6336 /* ImportanceField.swift in Sources */ = {isa = PBXBuildFile; fileRef = 0DBEAF6B2C2F1070006E6336 /* ImportanceField.swift */; };
		0DBEAF6E2C2F107E006E6336 /* DeadlineField.swift in Sources */ = {isa = PBXBuildFile; fileRef = 0DBEAF6D2C2F107E006E6336 /* DeadlineField.swift */; };
		0DBEAF712C2F1278006E6336 /* TodoItemDetailsViewModel.swift in Sources */ = {isa = PBXBuildFile; fileRef = 0DBEAF702C2F1278006E6336 /* TodoItemDetailsViewModel.swift */; };
		0DBEAF742C2F1977006E6336 /* TodoItemDetailsAssembly.swift in Sources */ = {isa = PBXBuildFile; fileRef = 0DBEAF732C2F1977006E6336 /* TodoItemDetailsAssembly.swift */; };
		0DBEAF7F2C2FAB34006E6336 /* CustomColorPicker.swift in Sources */ = {isa = PBXBuildFile; fileRef = 0DBEAF7E2C2FAB34006E6336 /* CustomColorPicker.swift */; };
		0DBEAF852C2FB697006E6336 /* ColorPickerField.swift in Sources */ = {isa = PBXBuildFile; fileRef = 0DBEAF842C2FB697006E6336 /* ColorPickerField.swift */; };
		0DE4E62C2C242E8D0097A2CE /* TodoItem.swift in Sources */ = {isa = PBXBuildFile; fileRef = 0DE4E62B2C242E8D0097A2CE /* TodoItem.swift */; };
		0DE4E6412C24844E0097A2CE /* FileCache.swift in Sources */ = {isa = PBXBuildFile; fileRef = 0DE4E6402C24844E0097A2CE /* FileCache.swift */; };
/* End PBXBuildFile section */

/* Begin PBXContainerItemProxy section */
		0D8764982C21C6B900C70F20 /* PBXContainerItemProxy */ = {
			isa = PBXContainerItemProxy;
			containerPortal = 0D87647F2C21C6B800C70F20 /* Project object */;
			proxyType = 1;
			remoteGlobalIDString = 0D8764862C21C6B800C70F20;
			remoteInfo = ToDoApp;
		};
		0D8764A22C21C6B900C70F20 /* PBXContainerItemProxy */ = {
			isa = PBXContainerItemProxy;
			containerPortal = 0D87647F2C21C6B800C70F20 /* Project object */;
			proxyType = 1;
			remoteGlobalIDString = 0D8764862C21C6B800C70F20;
			remoteInfo = ToDoApp;
		};
/* End PBXContainerItemProxy section */

/* Begin PBXFileReference section */
		0D1E9B6A2C37126D00141FC0 /* CalendarDetailsVCRepresentable.swift */ = {isa = PBXFileReference; lastKnownFileType = sourcecode.swift; path = CalendarDetailsVCRepresentable.swift; sourceTree = "<group>"; };
		0D1E9B6C2C37136B00141FC0 /* CalendarDetailsViewController.swift */ = {isa = PBXFileReference; lastKnownFileType = sourcecode.swift; path = CalendarDetailsViewController.swift; sourceTree = "<group>"; };
		0D1E9B6E2C3724C100141FC0 /* UIColorExtension.swift */ = {isa = PBXFileReference; lastKnownFileType = sourcecode.swift; path = UIColorExtension.swift; sourceTree = "<group>"; };
		0D1E9B722C372D8E00141FC0 /* CalendarDetailsAssembly.swift */ = {isa = PBXFileReference; lastKnownFileType = sourcecode.swift; path = CalendarDetailsAssembly.swift; sourceTree = "<group>"; };
		0D1E9B742C37377C00141FC0 /* DateCollectionViewCell.swift */ = {isa = PBXFileReference; lastKnownFileType = sourcecode.swift; path = DateCollectionViewCell.swift; sourceTree = "<group>"; };
		0D1E9B762C373B1200141FC0 /* NoDateViewCell.swift */ = {isa = PBXFileReference; lastKnownFileType = sourcecode.swift; path = NoDateViewCell.swift; sourceTree = "<group>"; };
		0D1E9B792C3744E200141FC0 /* TodoItemTable.swift */ = {isa = PBXFileReference; lastKnownFileType = sourcecode.swift; path = TodoItemTable.swift; sourceTree = "<group>"; };
		0D1E9B7B2C3745A300141FC0 /* RowData.swift */ = {isa = PBXFileReference; lastKnownFileType = sourcecode.swift; path = RowData.swift; sourceTree = "<group>"; };
		0D1E9B7E2C37494000141FC0 /* DateCollection.swift */ = {isa = PBXFileReference; lastKnownFileType = sourcecode.swift; path = DateCollection.swift; sourceTree = "<group>"; };
		0D1E9B862C37759E00141FC0 /* TaskCell.swift */ = {isa = PBXFileReference; lastKnownFileType = sourcecode.swift; path = TaskCell.swift; sourceTree = "<group>"; };
		0D1E9B892C37797000141FC0 /* CalendarDetailsViewModel.swift */ = {isa = PBXFileReference; lastKnownFileType = sourcecode.swift; path = CalendarDetailsViewModel.swift; sourceTree = "<group>"; };
		0D1E9B8B2C383DBF00141FC0 /* ModalState.swift */ = {isa = PBXFileReference; lastKnownFileType = sourcecode.swift; path = ModalState.swift; sourceTree = "<group>"; };
		0D1E9B902C3877E900141FC0 /* CategoryManager.swift */ = {isa = PBXFileReference; lastKnownFileType = sourcecode.swift; path = CategoryManager.swift; sourceTree = "<group>"; };
		0D1E9B922C38782900141FC0 /* CategoryModel.swift */ = {isa = PBXFileReference; lastKnownFileType = sourcecode.swift; path = CategoryModel.swift; sourceTree = "<group>"; };
		0D1E9B942C3888C100141FC0 /* CategoryField.swift */ = {isa = PBXFileReference; lastKnownFileType = sourcecode.swift; path = CategoryField.swift; sourceTree = "<group>"; };
		0D548FAD2C2C29A4000950D5 /* TodoItemData.swift */ = {isa = PBXFileReference; lastKnownFileType = sourcecode.swift; path = TodoItemData.swift; sourceTree = "<group>"; };
		0D548FB02C2C29CA000950D5 /* DateExtension.swift */ = {isa = PBXFileReference; lastKnownFileType = sourcecode.swift; path = DateExtension.swift; sourceTree = "<group>"; };
		0D548FB32C2C29E5000950D5 /* TodoItemRow.swift */ = {isa = PBXFileReference; lastKnownFileType = sourcecode.swift; path = TodoItemRow.swift; sourceTree = "<group>"; };
		0D8764872C21C6B800C70F20 /* ToDoApp.app */ = {isa = PBXFileReference; explicitFileType = wrapper.application; includeInIndex = 0; path = ToDoApp.app; sourceTree = BUILT_PRODUCTS_DIR; };
		0D87648A2C21C6B800C70F20 /* ToDoAppApp.swift */ = {isa = PBXFileReference; lastKnownFileType = sourcecode.swift; path = ToDoAppApp.swift; sourceTree = "<group>"; };
		0D87648C2C21C6B800C70F20 /* TodoListDetails.swift */ = {isa = PBXFileReference; lastKnownFileType = sourcecode.swift; path = TodoListDetails.swift; sourceTree = "<group>"; };
		0D87648E2C21C6B800C70F20 /* Assets.xcassets */ = {isa = PBXFileReference; lastKnownFileType = folder.assetcatalog; path = Assets.xcassets; sourceTree = "<group>"; };
		0D8764912C21C6B800C70F20 /* Preview Assets.xcassets */ = {isa = PBXFileReference; lastKnownFileType = folder.assetcatalog; path = "Preview Assets.xcassets"; sourceTree = "<group>"; };
		0D8764972C21C6B900C70F20 /* ToDoAppTests.xctest */ = {isa = PBXFileReference; explicitFileType = wrapper.cfbundle; includeInIndex = 0; path = ToDoAppTests.xctest; sourceTree = BUILT_PRODUCTS_DIR; };
		0D87649B2C21C6B900C70F20 /* TodoItemTests.swift */ = {isa = PBXFileReference; lastKnownFileType = sourcecode.swift; path = TodoItemTests.swift; sourceTree = "<group>"; };
		0D8764A12C21C6B900C70F20 /* ToDoAppUITests.xctest */ = {isa = PBXFileReference; explicitFileType = wrapper.cfbundle; includeInIndex = 0; path = ToDoAppUITests.xctest; sourceTree = BUILT_PRODUCTS_DIR; };
		0D8764A52C21C6B900C70F20 /* ToDoAppUITests.swift */ = {isa = PBXFileReference; lastKnownFileType = sourcecode.swift; path = ToDoAppUITests.swift; sourceTree = "<group>"; };
		0D8764A72C21C6B900C70F20 /* ToDoAppUITestsLaunchTests.swift */ = {isa = PBXFileReference; lastKnownFileType = sourcecode.swift; path = ToDoAppUITestsLaunchTests.swift; sourceTree = "<group>"; };
		0DBEAF432C2C8909006E6336 /* TodoListDetailsViewModel.swift */ = {isa = PBXFileReference; lastKnownFileType = sourcecode.swift; path = TodoListDetailsViewModel.swift; sourceTree = "<group>"; };
		0DBEAF472C2C9699006E6336 /* ColorExtension.swift */ = {isa = PBXFileReference; lastKnownFileType = sourcecode.swift; path = ColorExtension.swift; sourceTree = "<group>"; };
		0DBEAF4F2C2D9440006E6336 /* TodoItemService.swift */ = {isa = PBXFileReference; lastKnownFileType = sourcecode.swift; path = TodoItemService.swift; sourceTree = "<group>"; };
		0DBEAF542C2DA989006E6336 /* TodoItemModel.swift */ = {isa = PBXFileReference; lastKnownFileType = sourcecode.swift; path = TodoItemModel.swift; sourceTree = "<group>"; };
		0DBEAF5B2C2DECC2006E6336 /* TodoListDetailsAssembly.swift */ = {isa = PBXFileReference; lastKnownFileType = sourcecode.swift; path = TodoListDetailsAssembly.swift; sourceTree = "<group>"; };
		0DBEAF612C2DFD2A006E6336 /* TodoItemDetails.swift */ = {isa = PBXFileReference; lastKnownFileType = sourcecode.swift; path = TodoItemDetails.swift; sourceTree = "<group>"; };
		0DBEAF682C2EFB4A006E6336 /* TodoItemFormData.swift */ = {isa = PBXFileReference; lastKnownFileType = sourcecode.swift; path = TodoItemFormData.swift; sourceTree = "<group>"; };
		0DBEAF6B2C2F1070006E6336 /* ImportanceField.swift */ = {isa = PBXFileReference; lastKnownFileType = sourcecode.swift; path = ImportanceField.swift; sourceTree = "<group>"; };
		0DBEAF6D2C2F107E006E6336 /* DeadlineField.swift */ = {isa = PBXFileReference; lastKnownFileType = sourcecode.swift; path = DeadlineField.swift; sourceTree = "<group>"; };
		0DBEAF702C2F1278006E6336 /* TodoItemDetailsViewModel.swift */ = {isa = PBXFileReference; lastKnownFileType = sourcecode.swift; path = TodoItemDetailsViewModel.swift; sourceTree = "<group>"; };
		0DBEAF732C2F1977006E6336 /* TodoItemDetailsAssembly.swift */ = {isa = PBXFileReference; lastKnownFileType = sourcecode.swift; path = TodoItemDetailsAssembly.swift; sourceTree = "<group>"; };
		0DBEAF7E2C2FAB34006E6336 /* CustomColorPicker.swift */ = {isa = PBXFileReference; lastKnownFileType = sourcecode.swift; path = CustomColorPicker.swift; sourceTree = "<group>"; };
		0DBEAF842C2FB697006E6336 /* ColorPickerField.swift */ = {isa = PBXFileReference; lastKnownFileType = sourcecode.swift; path = ColorPickerField.swift; sourceTree = "<group>"; };
		0DE4E62B2C242E8D0097A2CE /* TodoItem.swift */ = {isa = PBXFileReference; lastKnownFileType = sourcecode.swift; path = TodoItem.swift; sourceTree = "<group>"; };
		0DE4E6402C24844E0097A2CE /* FileCache.swift */ = {isa = PBXFileReference; lastKnownFileType = sourcecode.swift; path = FileCache.swift; sourceTree = "<group>"; };
/* End PBXFileReference section */

/* Begin PBXFrameworksBuildPhase section */
		0D8764842C21C6B800C70F20 /* Frameworks */ = {
			isa = PBXFrameworksBuildPhase;
			buildActionMask = 2147483647;
			files = (
			);
			runOnlyForDeploymentPostprocessing = 0;
		};
		0D8764942C21C6B900C70F20 /* Frameworks */ = {
			isa = PBXFrameworksBuildPhase;
			buildActionMask = 2147483647;
			files = (
			);
			runOnlyForDeploymentPostprocessing = 0;
		};
		0D87649E2C21C6B900C70F20 /* Frameworks */ = {
			isa = PBXFrameworksBuildPhase;
			buildActionMask = 2147483647;
			files = (
			);
			runOnlyForDeploymentPostprocessing = 0;
		};
/* End PBXFrameworksBuildPhase section */

/* Begin PBXGroup section */
		0D1E9B682C37123900141FC0 /* CalendarDetails */ = {
			isa = PBXGroup;
			children = (
				0D1E9B6A2C37126D00141FC0 /* CalendarDetailsVCRepresentable.swift */,
				0D1E9B882C37796100141FC0 /* ViewModel */,
				0D1E9B692C37125B00141FC0 /* Views */,
				0D1E9B722C372D8E00141FC0 /* CalendarDetailsAssembly.swift */,
			);
			path = CalendarDetails;
			sourceTree = "<group>";
		};
		0D1E9B692C37125B00141FC0 /* Views */ = {
			isa = PBXGroup;
			children = (
				0D1E9B7D2C3748F700141FC0 /* DateCollection */,
				0D1E9B782C3744D000141FC0 /* TaskTable */,
				0D1E9B6C2C37136B00141FC0 /* CalendarDetailsViewController.swift */,
			);
			path = Views;
			sourceTree = "<group>";
		};
		0D1E9B782C3744D000141FC0 /* TaskTable */ = {
			isa = PBXGroup;
			children = (
				0D1E9B852C37759500141FC0 /* Cell */,
				0D1E9B812C374AFC00141FC0 /* Dto */,
				0D1E9B792C3744E200141FC0 /* TodoItemTable.swift */,
			);
			path = TaskTable;
			sourceTree = "<group>";
		};
		0D1E9B7D2C3748F700141FC0 /* DateCollection */ = {
			isa = PBXGroup;
			children = (
				0D1E9B802C374AED00141FC0 /* Cell */,
				0D1E9B7E2C37494000141FC0 /* DateCollection.swift */,
			);
			path = DateCollection;
			sourceTree = "<group>";
		};
		0D1E9B802C374AED00141FC0 /* Cell */ = {
			isa = PBXGroup;
			children = (
				0D1E9B742C37377C00141FC0 /* DateCollectionViewCell.swift */,
				0D1E9B762C373B1200141FC0 /* NoDateViewCell.swift */,
			);
			path = Cell;
			sourceTree = "<group>";
		};
		0D1E9B812C374AFC00141FC0 /* Dto */ = {
			isa = PBXGroup;
			children = (
				0D1E9B7B2C3745A300141FC0 /* RowData.swift */,
			);
			path = Dto;
			sourceTree = "<group>";
		};
		0D1E9B852C37759500141FC0 /* Cell */ = {
			isa = PBXGroup;
			children = (
				0D1E9B862C37759E00141FC0 /* TaskCell.swift */,
			);
			path = Cell;
			sourceTree = "<group>";
		};
		0D1E9B882C37796100141FC0 /* ViewModel */ = {
			isa = PBXGroup;
			children = (
				0D1E9B892C37797000141FC0 /* CalendarDetailsViewModel.swift */,
				0D1E9B8B2C383DBF00141FC0 /* ModalState.swift */,
			);
			path = ViewModel;
			sourceTree = "<group>";
		};
		0D1E9B8F2C3877D700141FC0 /* Managers */ = {
			isa = PBXGroup;
			children = (
				0D1E9B902C3877E900141FC0 /* CategoryManager.swift */,
			);
			path = Managers;
			sourceTree = "<group>";
		};
		0D548FAF2C2C29B8000950D5 /* Extensions */ = {
			isa = PBXGroup;
			children = (
				0D548FB02C2C29CA000950D5 /* DateExtension.swift */,
				0DBEAF472C2C9699006E6336 /* ColorExtension.swift */,
				0D1E9B6E2C3724C100141FC0 /* UIColorExtension.swift */,
			);
			path = Extensions;
			sourceTree = "<group>";
		};
		0D548FB22C2C29DB000950D5 /* Views */ = {
			isa = PBXGroup;
			children = (
				0DBEAF7A2C2F7B8C006E6336 /* ItemRow */,
				0D87648C2C21C6B800C70F20 /* TodoListDetails.swift */,
			);
			path = Views;
			sourceTree = "<group>";
		};
		0D548FC12C2C589B000950D5 /* TodoListDetails */ = {
			isa = PBXGroup;
			children = (
				0DBEAF532C2D9D94006E6336 /* ViewModel */,
				0D548FB22C2C29DB000950D5 /* Views */,
				0DBEAF5B2C2DECC2006E6336 /* TodoListDetailsAssembly.swift */,
			);
			path = TodoListDetails;
			sourceTree = "<group>";
		};
		0D87647E2C21C6B800C70F20 = {
			isa = PBXGroup;
			children = (
				0D8764892C21C6B800C70F20 /* ToDoApp */,
				0D87649A2C21C6B900C70F20 /* ToDoAppTests */,
				0D8764A42C21C6B900C70F20 /* ToDoAppUITests */,
				0D8764882C21C6B800C70F20 /* Products */,
			);
			sourceTree = "<group>";
		};
		0D8764882C21C6B800C70F20 /* Products */ = {
			isa = PBXGroup;
			children = (
				0D8764872C21C6B800C70F20 /* ToDoApp.app */,
				0D8764972C21C6B900C70F20 /* ToDoAppTests.xctest */,
				0D8764A12C21C6B900C70F20 /* ToDoAppUITests.xctest */,
			);
			name = Products;
			sourceTree = "<group>";
		};
		0D8764892C21C6B800C70F20 /* ToDoApp */ = {
			isa = PBXGroup;
			children = (
				0DBEAF5E2C2DFD00006E6336 /* Screens */,
				0DBEAF4E2C2D91E6006E6336 /* Services */,
				0DBEAF522C2D96B4006E6336 /* Data */,
				0D548FAF2C2C29B8000950D5 /* Extensions */,
				0D87648A2C21C6B800C70F20 /* ToDoAppApp.swift */,
				0D87648E2C21C6B800C70F20 /* Assets.xcassets */,
				0D8764902C21C6B800C70F20 /* Preview Content */,
			);
			path = ToDoApp;
			sourceTree = "<group>";
		};
		0D8764902C21C6B800C70F20 /* Preview Content */ = {
			isa = PBXGroup;
			children = (
				0D8764912C21C6B800C70F20 /* Preview Assets.xcassets */,
			);
			path = "Preview Content";
			sourceTree = "<group>";
		};
		0D87649A2C21C6B900C70F20 /* ToDoAppTests */ = {
			isa = PBXGroup;
			children = (
				0D87649B2C21C6B900C70F20 /* TodoItemTests.swift */,
			);
			path = ToDoAppTests;
			sourceTree = "<group>";
		};
		0D8764A42C21C6B900C70F20 /* ToDoAppUITests */ = {
			isa = PBXGroup;
			children = (
				0D8764A52C21C6B900C70F20 /* ToDoAppUITests.swift */,
				0D8764A72C21C6B900C70F20 /* ToDoAppUITestsLaunchTests.swift */,
			);
			path = ToDoAppUITests;
			sourceTree = "<group>";
		};
		0DBEAF4B2C2D919E006E6336 /* Shared */ = {
			isa = PBXGroup;
			children = (
				0D1E9B8F2C3877D700141FC0 /* Managers */,
				0DBEAF4D2C2D91D4006E6336 /* Models */,
			);
			path = Shared;
			sourceTree = "<group>";
		};
		0DBEAF4D2C2D91D4006E6336 /* Models */ = {
			isa = PBXGroup;
			children = (
				0DBEAF542C2DA989006E6336 /* TodoItemModel.swift */,
				0D1E9B922C38782900141FC0 /* CategoryModel.swift */,
			);
			path = Models;
			sourceTree = "<group>";
		};
		0DBEAF4E2C2D91E6006E6336 /* Services */ = {
			isa = PBXGroup;
			children = (
				0DBEAF4F2C2D9440006E6336 /* TodoItemService.swift */,
			);
			path = Services;
			sourceTree = "<group>";
		};
		0DBEAF522C2D96B4006E6336 /* Data */ = {
			isa = PBXGroup;
			children = (
				0DBEAF7C2C2F7BAA006E6336 /* Cache */,
				0DBEAF7B2C2F7BA0006E6336 /* TodoItem */,
			);
			path = Data;
			sourceTree = "<group>";
		};
		0DBEAF532C2D9D94006E6336 /* ViewModel */ = {
			isa = PBXGroup;
			children = (
				0DBEAF432C2C8909006E6336 /* TodoListDetailsViewModel.swift */,
			);
			path = ViewModel;
			sourceTree = "<group>";
		};
		0DBEAF5E2C2DFD00006E6336 /* Screens */ = {
			isa = PBXGroup;
			children = (
				0DBEAF4B2C2D919E006E6336 /* Shared */,
				0D1E9B682C37123900141FC0 /* CalendarDetails */,
				0DBEAF5F2C2DFD09006E6336 /* TodoItemDetails */,
				0D548FC12C2C589B000950D5 /* TodoListDetails */,
			);
			path = Screens;
			sourceTree = "<group>";
		};
		0DBEAF5F2C2DFD09006E6336 /* TodoItemDetails */ = {
			isa = PBXGroup;
			children = (
				0DBEAF6F2C2F1258006E6336 /* ViewModel */,
				0DBEAF6A2C2F104D006E6336 /* Views */,
				0DBEAF672C2EFA09006E6336 /* Dto */,
				0DBEAF732C2F1977006E6336 /* TodoItemDetailsAssembly.swift */,
			);
			path = TodoItemDetails;
			sourceTree = "<group>";
		};
		0DBEAF672C2EFA09006E6336 /* Dto */ = {
			isa = PBXGroup;
			children = (
				0DBEAF682C2EFB4A006E6336 /* TodoItemFormData.swift */,
			);
			path = Dto;
			sourceTree = "<group>";
		};
		0DBEAF6A2C2F104D006E6336 /* Views */ = {
			isa = PBXGroup;
			children = (
				0DBEAF7D2C2FAB29006E6336 /* ColorPicker */,
				0DBEAF722C2F18FC006E6336 /* Fields */,
				0DBEAF612C2DFD2A006E6336 /* TodoItemDetails.swift */,
			);
			path = Views;
			sourceTree = "<group>";
		};
		0DBEAF6F2C2F1258006E6336 /* ViewModel */ = {
			isa = PBXGroup;
			children = (
				0DBEAF702C2F1278006E6336 /* TodoItemDetailsViewModel.swift */,
			);
			path = ViewModel;
			sourceTree = "<group>";
		};
		0DBEAF722C2F18FC006E6336 /* Fields */ = {
			isa = PBXGroup;
			children = (
				0DBEAF842C2FB697006E6336 /* ColorPickerField.swift */,
				0DBEAF6B2C2F1070006E6336 /* ImportanceField.swift */,
				0DBEAF6D2C2F107E006E6336 /* DeadlineField.swift */,
				0D1E9B942C3888C100141FC0 /* CategoryField.swift */,
			);
			path = Fields;
			sourceTree = "<group>";
		};
		0DBEAF7A2C2F7B8C006E6336 /* ItemRow */ = {
			isa = PBXGroup;
			children = (
				0D548FB32C2C29E5000950D5 /* TodoItemRow.swift */,
			);
			path = ItemRow;
			sourceTree = "<group>";
		};
		0DBEAF7B2C2F7BA0006E6336 /* TodoItem */ = {
			isa = PBXGroup;
			children = (
				0DE4E62B2C242E8D0097A2CE /* TodoItem.swift */,
				0D548FAD2C2C29A4000950D5 /* TodoItemData.swift */,
			);
			path = TodoItem;
			sourceTree = "<group>";
		};
		0DBEAF7C2C2F7BAA006E6336 /* Cache */ = {
			isa = PBXGroup;
			children = (
				0DE4E6402C24844E0097A2CE /* FileCache.swift */,
			);
			path = Cache;
			sourceTree = "<group>";
		};
		0DBEAF7D2C2FAB29006E6336 /* ColorPicker */ = {
			isa = PBXGroup;
			children = (
				0DBEAF7E2C2FAB34006E6336 /* CustomColorPicker.swift */,
			);
			path = ColorPicker;
			sourceTree = "<group>";
		};
/* End PBXGroup section */

/* Begin PBXNativeTarget section */
		0D8764862C21C6B800C70F20 /* ToDoApp */ = {
			isa = PBXNativeTarget;
			buildConfigurationList = 0D8764AB2C21C6B900C70F20 /* Build configuration list for PBXNativeTarget "ToDoApp" */;
			buildPhases = (
				0D8764832C21C6B800C70F20 /* Sources */,
				0D8764842C21C6B800C70F20 /* Frameworks */,
				0D8764852C21C6B800C70F20 /* Resources */,
			);
			buildRules = (
			);
			dependencies = (
			);
			name = ToDoApp;
			productName = ToDoApp;
			productReference = 0D8764872C21C6B800C70F20 /* ToDoApp.app */;
			productType = "com.apple.product-type.application";
		};
		0D8764962C21C6B900C70F20 /* ToDoAppTests */ = {
			isa = PBXNativeTarget;
			buildConfigurationList = 0D8764AE2C21C6B900C70F20 /* Build configuration list for PBXNativeTarget "ToDoAppTests" */;
			buildPhases = (
				0D8764932C21C6B900C70F20 /* Sources */,
				0D8764942C21C6B900C70F20 /* Frameworks */,
				0D8764952C21C6B900C70F20 /* Resources */,
			);
			buildRules = (
			);
			dependencies = (
				0D8764992C21C6B900C70F20 /* PBXTargetDependency */,
			);
			name = ToDoAppTests;
			productName = ToDoAppTests;
			productReference = 0D8764972C21C6B900C70F20 /* ToDoAppTests.xctest */;
			productType = "com.apple.product-type.bundle.unit-test";
		};
		0D8764A02C21C6B900C70F20 /* ToDoAppUITests */ = {
			isa = PBXNativeTarget;
			buildConfigurationList = 0D8764B12C21C6B900C70F20 /* Build configuration list for PBXNativeTarget "ToDoAppUITests" */;
			buildPhases = (
				0D87649D2C21C6B900C70F20 /* Sources */,
				0D87649E2C21C6B900C70F20 /* Frameworks */,
				0D87649F2C21C6B900C70F20 /* Resources */,
			);
			buildRules = (
			);
			dependencies = (
				0D8764A32C21C6B900C70F20 /* PBXTargetDependency */,
			);
			name = ToDoAppUITests;
			productName = ToDoAppUITests;
			productReference = 0D8764A12C21C6B900C70F20 /* ToDoAppUITests.xctest */;
			productType = "com.apple.product-type.bundle.ui-testing";
		};
/* End PBXNativeTarget section */

/* Begin PBXProject section */
		0D87647F2C21C6B800C70F20 /* Project object */ = {
			isa = PBXProject;
			attributes = {
				BuildIndependentTargetsInParallel = 1;
				LastSwiftUpdateCheck = 1500;
				LastUpgradeCheck = 1500;
				TargetAttributes = {
					0D8764862C21C6B800C70F20 = {
						CreatedOnToolsVersion = 15.0.1;
					};
					0D8764962C21C6B900C70F20 = {
						CreatedOnToolsVersion = 15.0.1;
						TestTargetID = 0D8764862C21C6B800C70F20;
					};
					0D8764A02C21C6B900C70F20 = {
						CreatedOnToolsVersion = 15.0.1;
						TestTargetID = 0D8764862C21C6B800C70F20;
					};
				};
			};
			buildConfigurationList = 0D8764822C21C6B800C70F20 /* Build configuration list for PBXProject "ToDoApp" */;
			compatibilityVersion = "Xcode 14.0";
			developmentRegion = en;
			hasScannedForEncodings = 0;
			knownRegions = (
				en,
				Base,
			);
			mainGroup = 0D87647E2C21C6B800C70F20;
			productRefGroup = 0D8764882C21C6B800C70F20 /* Products */;
			projectDirPath = "";
			projectRoot = "";
			targets = (
				0D8764862C21C6B800C70F20 /* ToDoApp */,
				0D8764962C21C6B900C70F20 /* ToDoAppTests */,
				0D8764A02C21C6B900C70F20 /* ToDoAppUITests */,
			);
		};
/* End PBXProject section */

/* Begin PBXResourcesBuildPhase section */
		0D8764852C21C6B800C70F20 /* Resources */ = {
			isa = PBXResourcesBuildPhase;
			buildActionMask = 2147483647;
			files = (
				0D8764922C21C6B800C70F20 /* Preview Assets.xcassets in Resources */,
				0D87648F2C21C6B800C70F20 /* Assets.xcassets in Resources */,
			);
			runOnlyForDeploymentPostprocessing = 0;
		};
		0D8764952C21C6B900C70F20 /* Resources */ = {
			isa = PBXResourcesBuildPhase;
			buildActionMask = 2147483647;
			files = (
			);
			runOnlyForDeploymentPostprocessing = 0;
		};
		0D87649F2C21C6B900C70F20 /* Resources */ = {
			isa = PBXResourcesBuildPhase;
			buildActionMask = 2147483647;
			files = (
			);
			runOnlyForDeploymentPostprocessing = 0;
		};
/* End PBXResourcesBuildPhase section */

/* Begin PBXSourcesBuildPhase section */
		0D8764832C21C6B800C70F20 /* Sources */ = {
			isa = PBXSourcesBuildPhase;
			buildActionMask = 2147483647;
			files = (
				0D87648D2C21C6B800C70F20 /* TodoListDetails.swift in Sources */,
				0D1E9B6D2C37136B00141FC0 /* CalendarDetailsViewController.swift in Sources */,
				0DBEAF6E2C2F107E006E6336 /* DeadlineField.swift in Sources */,
				0D1E9B7A2C3744E200141FC0 /* TodoItemTable.swift in Sources */,
				0DBEAF852C2FB697006E6336 /* ColorPickerField.swift in Sources */,
				0D1E9B912C3877E900141FC0 /* CategoryManager.swift in Sources */,
				0D1E9B6F2C3724C100141FC0 /* UIColorExtension.swift in Sources */,
				0D1E9B8A2C37797000141FC0 /* CalendarDetailsViewModel.swift in Sources */,
				0D1E9B6B2C37126D00141FC0 /* CalendarDetailsVCRepresentable.swift in Sources */,
				0DBEAF6C2C2F1070006E6336 /* ImportanceField.swift in Sources */,
				0DBEAF502C2D9440006E6336 /* TodoItemService.swift in Sources */,
				0DBEAF742C2F1977006E6336 /* TodoItemDetailsAssembly.swift in Sources */,
				0D1E9B752C37377C00141FC0 /* DateCollectionViewCell.swift in Sources */,
				0D548FB12C2C29CA000950D5 /* DateExtension.swift in Sources */,
				0DBEAF552C2DA989006E6336 /* TodoItemModel.swift in Sources */,
				0DBEAF622C2DFD2A006E6336 /* TodoItemDetails.swift in Sources */,
				0DBEAF5C2C2DECC2006E6336 /* TodoListDetailsAssembly.swift in Sources */,
				0DBEAF692C2EFB4A006E6336 /* TodoItemFormData.swift in Sources */,
				0DBEAF712C2F1278006E6336 /* TodoItemDetailsViewModel.swift in Sources */,
				0D548FB42C2C29E5000950D5 /* TodoItemRow.swift in Sources */,
				0D1E9B732C372D8E00141FC0 /* CalendarDetailsAssembly.swift in Sources */,
				0D1E9B932C38782900141FC0 /* CategoryModel.swift in Sources */,
				0DBEAF482C2C9699006E6336 /* ColorExtension.swift in Sources */,
				0D1E9B772C373B1200141FC0 /* NoDateViewCell.swift in Sources */,
				0DBEAF7F2C2FAB34006E6336 /* CustomColorPicker.swift in Sources */,
				0D87648B2C21C6B800C70F20 /* ToDoAppApp.swift in Sources */,
				0D1E9B952C3888C100141FC0 /* CategoryField.swift in Sources */,
				0DBEAF442C2C8909006E6336 /* TodoListDetailsViewModel.swift in Sources */,
				0D1E9B8C2C383DBF00141FC0 /* ModalState.swift in Sources */,
				0DE4E6412C24844E0097A2CE /* FileCache.swift in Sources */,
				0D1E9B7F2C37494000141FC0 /* DateCollection.swift in Sources */,
				0DE4E62C2C242E8D0097A2CE /* TodoItem.swift in Sources */,
				0D1E9B7C2C3745A300141FC0 /* RowData.swift in Sources */,
				0D1E9B872C37759E00141FC0 /* TaskCell.swift in Sources */,
				0D548FAE2C2C29A4000950D5 /* TodoItemData.swift in Sources */,
			);
			runOnlyForDeploymentPostprocessing = 0;
		};
		0D8764932C21C6B900C70F20 /* Sources */ = {
			isa = PBXSourcesBuildPhase;
			buildActionMask = 2147483647;
			files = (
				0D87649C2C21C6B900C70F20 /* TodoItemTests.swift in Sources */,
			);
			runOnlyForDeploymentPostprocessing = 0;
		};
		0D87649D2C21C6B900C70F20 /* Sources */ = {
			isa = PBXSourcesBuildPhase;
			buildActionMask = 2147483647;
			files = (
				0D8764A82C21C6B900C70F20 /* ToDoAppUITestsLaunchTests.swift in Sources */,
				0D8764A62C21C6B900C70F20 /* ToDoAppUITests.swift in Sources */,
			);
			runOnlyForDeploymentPostprocessing = 0;
		};
/* End PBXSourcesBuildPhase section */

/* Begin PBXTargetDependency section */
		0D8764992C21C6B900C70F20 /* PBXTargetDependency */ = {
			isa = PBXTargetDependency;
			target = 0D8764862C21C6B800C70F20 /* ToDoApp */;
			targetProxy = 0D8764982C21C6B900C70F20 /* PBXContainerItemProxy */;
		};
		0D8764A32C21C6B900C70F20 /* PBXTargetDependency */ = {
			isa = PBXTargetDependency;
			target = 0D8764862C21C6B800C70F20 /* ToDoApp */;
			targetProxy = 0D8764A22C21C6B900C70F20 /* PBXContainerItemProxy */;
		};
/* End PBXTargetDependency section */

/* Begin XCBuildConfiguration section */
		0D8764A92C21C6B900C70F20 /* Debug */ = {
			isa = XCBuildConfiguration;
			buildSettings = {
				ALWAYS_SEARCH_USER_PATHS = NO;
				ASSETCATALOG_COMPILER_GENERATE_SWIFT_ASSET_SYMBOL_EXTENSIONS = YES;
				CLANG_ANALYZER_NONNULL = YES;
				CLANG_ANALYZER_NUMBER_OBJECT_CONVERSION = YES_AGGRESSIVE;
				CLANG_CXX_LANGUAGE_STANDARD = "gnu++20";
				CLANG_ENABLE_MODULES = YES;
				CLANG_ENABLE_OBJC_ARC = YES;
				CLANG_ENABLE_OBJC_WEAK = YES;
				CLANG_WARN_BLOCK_CAPTURE_AUTORELEASING = YES;
				CLANG_WARN_BOOL_CONVERSION = YES;
				CLANG_WARN_COMMA = YES;
				CLANG_WARN_CONSTANT_CONVERSION = YES;
				CLANG_WARN_DEPRECATED_OBJC_IMPLEMENTATIONS = YES;
				CLANG_WARN_DIRECT_OBJC_ISA_USAGE = YES_ERROR;
				CLANG_WARN_DOCUMENTATION_COMMENTS = YES;
				CLANG_WARN_EMPTY_BODY = YES;
				CLANG_WARN_ENUM_CONVERSION = YES;
				CLANG_WARN_INFINITE_RECURSION = YES;
				CLANG_WARN_INT_CONVERSION = YES;
				CLANG_WARN_NON_LITERAL_NULL_CONVERSION = YES;
				CLANG_WARN_OBJC_IMPLICIT_RETAIN_SELF = YES;
				CLANG_WARN_OBJC_LITERAL_CONVERSION = YES;
				CLANG_WARN_OBJC_ROOT_CLASS = YES_ERROR;
				CLANG_WARN_QUOTED_INCLUDE_IN_FRAMEWORK_HEADER = YES;
				CLANG_WARN_RANGE_LOOP_ANALYSIS = YES;
				CLANG_WARN_STRICT_PROTOTYPES = YES;
				CLANG_WARN_SUSPICIOUS_MOVE = YES;
				CLANG_WARN_UNGUARDED_AVAILABILITY = YES_AGGRESSIVE;
				CLANG_WARN_UNREACHABLE_CODE = YES;
				CLANG_WARN__DUPLICATE_METHOD_MATCH = YES;
				COPY_PHASE_STRIP = NO;
				DEBUG_INFORMATION_FORMAT = dwarf;
				ENABLE_STRICT_OBJC_MSGSEND = YES;
				ENABLE_TESTABILITY = YES;
				ENABLE_USER_SCRIPT_SANDBOXING = YES;
				GCC_C_LANGUAGE_STANDARD = gnu17;
				GCC_DYNAMIC_NO_PIC = NO;
				GCC_NO_COMMON_BLOCKS = YES;
				GCC_OPTIMIZATION_LEVEL = 0;
				GCC_PREPROCESSOR_DEFINITIONS = (
					"DEBUG=1",
					"$(inherited)",
				);
				GCC_WARN_64_TO_32_BIT_CONVERSION = YES;
				GCC_WARN_ABOUT_RETURN_TYPE = YES_ERROR;
				GCC_WARN_UNDECLARED_SELECTOR = YES;
				GCC_WARN_UNINITIALIZED_AUTOS = YES_AGGRESSIVE;
				GCC_WARN_UNUSED_FUNCTION = YES;
				GCC_WARN_UNUSED_VARIABLE = YES;
				IPHONEOS_DEPLOYMENT_TARGET = 17.0;
				LOCALIZATION_PREFERS_STRING_CATALOGS = YES;
				MTL_ENABLE_DEBUG_INFO = INCLUDE_SOURCE;
				MTL_FAST_MATH = YES;
				ONLY_ACTIVE_ARCH = YES;
				SDKROOT = iphoneos;
				SWIFT_ACTIVE_COMPILATION_CONDITIONS = "DEBUG $(inherited)";
				SWIFT_OPTIMIZATION_LEVEL = "-Onone";
			};
			name = Debug;
		};
		0D8764AA2C21C6B900C70F20 /* Release */ = {
			isa = XCBuildConfiguration;
			buildSettings = {
				ALWAYS_SEARCH_USER_PATHS = NO;
				ASSETCATALOG_COMPILER_GENERATE_SWIFT_ASSET_SYMBOL_EXTENSIONS = YES;
				CLANG_ANALYZER_NONNULL = YES;
				CLANG_ANALYZER_NUMBER_OBJECT_CONVERSION = YES_AGGRESSIVE;
				CLANG_CXX_LANGUAGE_STANDARD = "gnu++20";
				CLANG_ENABLE_MODULES = YES;
				CLANG_ENABLE_OBJC_ARC = YES;
				CLANG_ENABLE_OBJC_WEAK = YES;
				CLANG_WARN_BLOCK_CAPTURE_AUTORELEASING = YES;
				CLANG_WARN_BOOL_CONVERSION = YES;
				CLANG_WARN_COMMA = YES;
				CLANG_WARN_CONSTANT_CONVERSION = YES;
				CLANG_WARN_DEPRECATED_OBJC_IMPLEMENTATIONS = YES;
				CLANG_WARN_DIRECT_OBJC_ISA_USAGE = YES_ERROR;
				CLANG_WARN_DOCUMENTATION_COMMENTS = YES;
				CLANG_WARN_EMPTY_BODY = YES;
				CLANG_WARN_ENUM_CONVERSION = YES;
				CLANG_WARN_INFINITE_RECURSION = YES;
				CLANG_WARN_INT_CONVERSION = YES;
				CLANG_WARN_NON_LITERAL_NULL_CONVERSION = YES;
				CLANG_WARN_OBJC_IMPLICIT_RETAIN_SELF = YES;
				CLANG_WARN_OBJC_LITERAL_CONVERSION = YES;
				CLANG_WARN_OBJC_ROOT_CLASS = YES_ERROR;
				CLANG_WARN_QUOTED_INCLUDE_IN_FRAMEWORK_HEADER = YES;
				CLANG_WARN_RANGE_LOOP_ANALYSIS = YES;
				CLANG_WARN_STRICT_PROTOTYPES = YES;
				CLANG_WARN_SUSPICIOUS_MOVE = YES;
				CLANG_WARN_UNGUARDED_AVAILABILITY = YES_AGGRESSIVE;
				CLANG_WARN_UNREACHABLE_CODE = YES;
				CLANG_WARN__DUPLICATE_METHOD_MATCH = YES;
				COPY_PHASE_STRIP = NO;
				DEBUG_INFORMATION_FORMAT = "dwarf-with-dsym";
				ENABLE_NS_ASSERTIONS = NO;
				ENABLE_STRICT_OBJC_MSGSEND = YES;
				ENABLE_USER_SCRIPT_SANDBOXING = YES;
				GCC_C_LANGUAGE_STANDARD = gnu17;
				GCC_NO_COMMON_BLOCKS = YES;
				GCC_WARN_64_TO_32_BIT_CONVERSION = YES;
				GCC_WARN_ABOUT_RETURN_TYPE = YES_ERROR;
				GCC_WARN_UNDECLARED_SELECTOR = YES;
				GCC_WARN_UNINITIALIZED_AUTOS = YES_AGGRESSIVE;
				GCC_WARN_UNUSED_FUNCTION = YES;
				GCC_WARN_UNUSED_VARIABLE = YES;
				IPHONEOS_DEPLOYMENT_TARGET = 17.0;
				LOCALIZATION_PREFERS_STRING_CATALOGS = YES;
				MTL_ENABLE_DEBUG_INFO = NO;
				MTL_FAST_MATH = YES;
				SDKROOT = iphoneos;
				SWIFT_COMPILATION_MODE = wholemodule;
				VALIDATE_PRODUCT = YES;
			};
			name = Release;
		};
		0D8764AC2C21C6B900C70F20 /* Debug */ = {
			isa = XCBuildConfiguration;
			buildSettings = {
				ASSETCATALOG_COMPILER_APPICON_NAME = AppIcon;
				ASSETCATALOG_COMPILER_GLOBAL_ACCENT_COLOR_NAME = AccentColor;
				CODE_SIGN_STYLE = Automatic;
				CURRENT_PROJECT_VERSION = 1;
				DEVELOPMENT_ASSET_PATHS = "\"ToDoApp/Preview Content\"";
				DEVELOPMENT_TEAM = Z44S759MCV;
				ENABLE_PREVIEWS = YES;
				GENERATE_INFOPLIST_FILE = YES;
				INFOPLIST_KEY_UIApplicationSceneManifest_Generation = YES;
				INFOPLIST_KEY_UIApplicationSupportsIndirectInputEvents = YES;
				INFOPLIST_KEY_UILaunchScreen_Generation = YES;
				INFOPLIST_KEY_UISupportedInterfaceOrientations_iPad = "UIInterfaceOrientationPortrait UIInterfaceOrientationPortraitUpsideDown UIInterfaceOrientationLandscapeLeft UIInterfaceOrientationLandscapeRight";
				INFOPLIST_KEY_UISupportedInterfaceOrientations_iPhone = "UIInterfaceOrientationPortrait UIInterfaceOrientationLandscapeLeft UIInterfaceOrientationLandscapeRight";
				LD_RUNPATH_SEARCH_PATHS = (
					"$(inherited)",
					"@executable_path/Frameworks",
				);
				MARKETING_VERSION = 1.0;
				PRODUCT_BUNDLE_IDENTIFIER = olegenovCodes.ToDoApp;
				PRODUCT_NAME = "$(TARGET_NAME)";
				SWIFT_EMIT_LOC_STRINGS = YES;
				SWIFT_VERSION = 5.0;
				TARGETED_DEVICE_FAMILY = "1,2";
			};
			name = Debug;
		};
		0D8764AD2C21C6B900C70F20 /* Release */ = {
			isa = XCBuildConfiguration;
			buildSettings = {
				ASSETCATALOG_COMPILER_APPICON_NAME = AppIcon;
				ASSETCATALOG_COMPILER_GLOBAL_ACCENT_COLOR_NAME = AccentColor;
				CODE_SIGN_STYLE = Automatic;
				CURRENT_PROJECT_VERSION = 1;
				DEVELOPMENT_ASSET_PATHS = "\"ToDoApp/Preview Content\"";
				DEVELOPMENT_TEAM = Z44S759MCV;
				ENABLE_PREVIEWS = YES;
				GENERATE_INFOPLIST_FILE = YES;
				INFOPLIST_KEY_UIApplicationSceneManifest_Generation = YES;
				INFOPLIST_KEY_UIApplicationSupportsIndirectInputEvents = YES;
				INFOPLIST_KEY_UILaunchScreen_Generation = YES;
				INFOPLIST_KEY_UISupportedInterfaceOrientations_iPad = "UIInterfaceOrientationPortrait UIInterfaceOrientationPortraitUpsideDown UIInterfaceOrientationLandscapeLeft UIInterfaceOrientationLandscapeRight";
				INFOPLIST_KEY_UISupportedInterfaceOrientations_iPhone = "UIInterfaceOrientationPortrait UIInterfaceOrientationLandscapeLeft UIInterfaceOrientationLandscapeRight";
				LD_RUNPATH_SEARCH_PATHS = (
					"$(inherited)",
					"@executable_path/Frameworks",
				);
				MARKETING_VERSION = 1.0;
				PRODUCT_BUNDLE_IDENTIFIER = olegenovCodes.ToDoApp;
				PRODUCT_NAME = "$(TARGET_NAME)";
				SWIFT_EMIT_LOC_STRINGS = YES;
				SWIFT_VERSION = 5.0;
				TARGETED_DEVICE_FAMILY = "1,2";
			};
			name = Release;
		};
		0D8764AF2C21C6B900C70F20 /* Debug */ = {
			isa = XCBuildConfiguration;
			buildSettings = {
				ALWAYS_EMBED_SWIFT_STANDARD_LIBRARIES = YES;
				BUNDLE_LOADER = "$(TEST_HOST)";
				CODE_SIGN_STYLE = Automatic;
				CURRENT_PROJECT_VERSION = 1;
				DEVELOPMENT_TEAM = Z44S759MCV;
				GENERATE_INFOPLIST_FILE = YES;
				IPHONEOS_DEPLOYMENT_TARGET = 17.0;
				MARKETING_VERSION = 1.0;
				PRODUCT_BUNDLE_IDENTIFIER = olegenovCodes.ToDoAppTests;
				PRODUCT_NAME = "$(TARGET_NAME)";
				SWIFT_EMIT_LOC_STRINGS = NO;
				SWIFT_VERSION = 5.0;
				TARGETED_DEVICE_FAMILY = "1,2";
				TEST_HOST = "$(BUILT_PRODUCTS_DIR)/ToDoApp.app/$(BUNDLE_EXECUTABLE_FOLDER_PATH)/ToDoApp";
			};
			name = Debug;
		};
		0D8764B02C21C6B900C70F20 /* Release */ = {
			isa = XCBuildConfiguration;
			buildSettings = {
				ALWAYS_EMBED_SWIFT_STANDARD_LIBRARIES = YES;
				BUNDLE_LOADER = "$(TEST_HOST)";
				CODE_SIGN_STYLE = Automatic;
				CURRENT_PROJECT_VERSION = 1;
				DEVELOPMENT_TEAM = Z44S759MCV;
				GENERATE_INFOPLIST_FILE = YES;
				IPHONEOS_DEPLOYMENT_TARGET = 17.0;
				MARKETING_VERSION = 1.0;
				PRODUCT_BUNDLE_IDENTIFIER = olegenovCodes.ToDoAppTests;
				PRODUCT_NAME = "$(TARGET_NAME)";
				SWIFT_EMIT_LOC_STRINGS = NO;
				SWIFT_VERSION = 5.0;
				TARGETED_DEVICE_FAMILY = "1,2";
				TEST_HOST = "$(BUILT_PRODUCTS_DIR)/ToDoApp.app/$(BUNDLE_EXECUTABLE_FOLDER_PATH)/ToDoApp";
			};
			name = Release;
		};
		0D8764B22C21C6B900C70F20 /* Debug */ = {
			isa = XCBuildConfiguration;
			buildSettings = {
				ALWAYS_EMBED_SWIFT_STANDARD_LIBRARIES = YES;
				CODE_SIGN_STYLE = Automatic;
				CURRENT_PROJECT_VERSION = 1;
				DEVELOPMENT_TEAM = Z44S759MCV;
				GENERATE_INFOPLIST_FILE = YES;
				MARKETING_VERSION = 1.0;
				PRODUCT_BUNDLE_IDENTIFIER = olegenovCodes.ToDoAppUITests;
				PRODUCT_NAME = "$(TARGET_NAME)";
				SWIFT_EMIT_LOC_STRINGS = NO;
				SWIFT_VERSION = 5.0;
				TARGETED_DEVICE_FAMILY = "1,2";
				TEST_TARGET_NAME = ToDoApp;
			};
			name = Debug;
		};
		0D8764B32C21C6B900C70F20 /* Release */ = {
			isa = XCBuildConfiguration;
			buildSettings = {
				ALWAYS_EMBED_SWIFT_STANDARD_LIBRARIES = YES;
				CODE_SIGN_STYLE = Automatic;
				CURRENT_PROJECT_VERSION = 1;
				DEVELOPMENT_TEAM = Z44S759MCV;
				GENERATE_INFOPLIST_FILE = YES;
				MARKETING_VERSION = 1.0;
				PRODUCT_BUNDLE_IDENTIFIER = olegenovCodes.ToDoAppUITests;
				PRODUCT_NAME = "$(TARGET_NAME)";
				SWIFT_EMIT_LOC_STRINGS = NO;
				SWIFT_VERSION = 5.0;
				TARGETED_DEVICE_FAMILY = "1,2";
				TEST_TARGET_NAME = ToDoApp;
			};
			name = Release;
		};
/* End XCBuildConfiguration section */

/* Begin XCConfigurationList section */
		0D8764822C21C6B800C70F20 /* Build configuration list for PBXProject "ToDoApp" */ = {
			isa = XCConfigurationList;
			buildConfigurations = (
				0D8764A92C21C6B900C70F20 /* Debug */,
				0D8764AA2C21C6B900C70F20 /* Release */,
			);
			defaultConfigurationIsVisible = 0;
			defaultConfigurationName = Release;
		};
		0D8764AB2C21C6B900C70F20 /* Build configuration list for PBXNativeTarget "ToDoApp" */ = {
			isa = XCConfigurationList;
			buildConfigurations = (
				0D8764AC2C21C6B900C70F20 /* Debug */,
				0D8764AD2C21C6B900C70F20 /* Release */,
			);
			defaultConfigurationIsVisible = 0;
			defaultConfigurationName = Release;
		};
		0D8764AE2C21C6B900C70F20 /* Build configuration list for PBXNativeTarget "ToDoAppTests" */ = {
			isa = XCConfigurationList;
			buildConfigurations = (
				0D8764AF2C21C6B900C70F20 /* Debug */,
				0D8764B02C21C6B900C70F20 /* Release */,
			);
			defaultConfigurationIsVisible = 0;
			defaultConfigurationName = Release;
		};
		0D8764B12C21C6B900C70F20 /* Build configuration list for PBXNativeTarget "ToDoAppUITests" */ = {
			isa = XCConfigurationList;
			buildConfigurations = (
				0D8764B22C21C6B900C70F20 /* Debug */,
				0D8764B32C21C6B900C70F20 /* Release */,
			);
			defaultConfigurationIsVisible = 0;
			defaultConfigurationName = Release;
		};
/* End XCConfigurationList section */
	};
	rootObject = 0D87647F2C21C6B800C70F20 /* Project object */;
}
